{
  "name": "c4ajv",
  "version": "1.0.4",
  "lockfileVersion": 1,
  "requires": true,
  "dependencies": {
    "@types/ajv": {
      "version": "1.0.0",
      "resolved": "http://registry.npm.taobao.org/@types/ajv/download/@types/ajv-1.0.0.tgz",
      "integrity": "sha1-T7JEB0Ly9sMOf7B5e4OfxvaWaCo=",
      "requires": {
        "ajv": "*"
      }
    },
    "@types/events": {
      "version": "1.2.0",
      "resolved": "http://10.0.0.96:18082/repository/weds-npm-group/@types/events/-/events-1.2.0.tgz",
      "integrity": "sha1-gaZzHOTfQ2GeXIyUU4Oz5iqJ6oY="
    },
    "@types/glob": {
      "version": "5.0.36",
      "resolved": "http://10.0.0.96:18082/repository/weds-npm-group/@types/glob/-/glob-5.0.36.tgz",
      "integrity": "sha1-DICpyGZPx9GXgd4inyhwd/1iLLI=",
      "requires": {
        "@types/events": "*",
        "@types/minimatch": "*",
        "@types/node": "*"
      }
    },
    "@types/js-yaml": {
      "version": "3.10.1",
      "resolved": "http://registry.npm.taobao.org/@types/js-yaml/download/@types/js-yaml-3.10.1.tgz",
      "integrity": "sha1-pN2vZ/7DQVHmIM290i5AtkIX9Xc="
    },
    "@types/minimatch": {
      "version": "3.0.3",
      "resolved": "http://10.0.0.96:18082/repository/weds-npm-group/@types/minimatch/-/minimatch-3.0.3.tgz",
      "integrity": "sha1-PcoOPzOyAPx9ETnAzZbBJoyt/Z0="
    },
    "@types/node": {
      "version": "9.4.6",
      "resolved": "http://registry.npm.taobao.org/@types/node/download/@types/node-9.4.6.tgz",
      "integrity": "sha1-2Bdthk7kh1PQU3g+TkY67Ia42C4="
    },
    "@types/strip-json-comments": {
      "version": "0.0.30",
      "resolved": "https://registry.npmjs.org/@types/strip-json-comments/-/strip-json-comments-0.0.30.tgz",
      "integrity": "sha512-7NQmHra/JILCd1QqpSzl8+mJRc8ZHz3uDm8YV1Ks9IhK0epEiTw8aIErbvH9PI+6XbqhyIQy3462nEsn7UVzjQ=="
    },
    "ajv": {
      "version": "6.2.1",
      "resolved": "http://registry.npm.taobao.org/ajv/download/ajv-6.2.1.tgz",
      "integrity": "sha1-KKarxJOiq+D7TIUHrK7bQ/pVBnE=",
      "requires": {
        "fast-deep-equal": "^1.0.0",
        "fast-json-stable-stringify": "^2.0.0",
        "json-schema-traverse": "^0.3.0"
      }
    },
    "argparse": {
      "version": "1.0.10",
      "resolved": "http://registry.npm.taobao.org/argparse/download/argparse-1.0.10.tgz",
      "integrity": "sha1-vNZ5HqWuCXJeF+WtmIE0zUCz2RE=",
      "requires": {
        "sprintf-js": "~1.0.2"
      }
    },
    "balanced-match": {
      "version": "1.0.0",
      "resolved": "http://10.0.0.96:18082/repository/weds-npm-group/balanced-match/-/balanced-match-1.0.0.tgz",
      "integrity": "sha1-ibTRmasr7kneFk6gK4nORi1xt2c="
    },
    "brace-expansion": {
      "version": "1.1.11",
      "resolved": "http://10.0.0.96:18082/repository/weds-npm-group/brace-expansion/-/brace-expansion-1.1.11.tgz",
      "integrity": "sha1-PH/L9SnYcibz0vUrlm/1Jx60Qd0=",
      "requires": {
        "balanced-match": "^1.0.0",
        "concat-map": "0.0.1"
      }
    },
    "c4utils": {
      "version": "1.0.5",
      "resolved": "http://10.0.0.96:18082/repository/weds-npm-group/c4utils/-/c4utils-1.0.5.tgz",
      "integrity": "sha512-cnyqKEujM5frYqYSZPlxCk+G6jp+tZEjR8VY8w+rMF1jpw9ttiW2y1HxApMcEO0lA7tlFa9pQkuj3z61qqAJTw==",
      "requires": {
        "@types/glob": "^5.0.35",
        "@types/node": "^9.4.7",
        "glob": "^7.1.2"
      },
      "dependencies": {
        "@types/node": {
          "version": "9.6.32",
          "resolved": "http://10.0.0.96:18082/repository/weds-npm-group/@types/node/-/node-9.6.32.tgz",
          "integrity": "sha1-G2QTT2MLMMnNpIEKpKlPwtQUHb0="
        }
      }
    },
    "co": {
      "version": "4.6.0",
      "resolved": "http://registry.npm.taobao.org/co/download/co-4.6.0.tgz",
      "integrity": "sha1-bqa989hTrlTMuOR7+gvz+QMfsYQ="
    },
    "concat-map": {
      "version": "0.0.1",
      "resolved": "http://10.0.0.96:18082/repository/weds-npm-group/concat-map/-/concat-map-0.0.1.tgz",
      "integrity": "sha1-2Klr13/Wjfd5OnMDajug1UBdR3s="
    },
    "esprima": {
      "version": "4.0.0",
      "resolved": "http://registry.npm.taobao.org/esprima/download/esprima-4.0.0.tgz",
      "integrity": "sha1-RJnt3NERDgshi6zy+n9/WfVcqAQ="
    },
    "fast-deep-equal": {
      "version": "1.1.0",
      "resolved": "http://registry.npm.taobao.org/fast-deep-equal/download/fast-deep-equal-1.1.0.tgz",
      "integrity": "sha1-wFNHeBfIa1HaqFPIHgWbcz0CNhQ="
    },
    "fast-json-stable-stringify": {
      "version": "2.0.0",
      "resolved": "http://registry.npm.taobao.org/fast-json-stable-stringify/download/fast-json-stable-stringify-2.0.0.tgz",
      "integrity": "sha1-1RQsDK7msRifh9OnYREGT4bIu/I="
    },
    "fs.realpath": {
      "version": "1.0.0",
      "resolved": "http://10.0.0.96:18082/repository/weds-npm-group/fs.realpath/-/fs.realpath-1.0.0.tgz",
      "integrity": "sha1-FQStJSMVjKpA20onh8sBQRmU6k8="
    },
    "glob": {
      "version": "7.1.3",
      "resolved": "http://10.0.0.96:18082/repository/weds-npm-group/glob/-/glob-7.1.3.tgz",
      "integrity": "sha1-OWCDLT8VdBCDQtr9OmezMsCWnfE=",
      "requires": {
        "fs.realpath": "^1.0.0",
        "inflight": "^1.0.4",
        "inherits": "2",
        "minimatch": "^3.0.4",
        "once": "^1.3.0",
        "path-is-absolute": "^1.0.0"
      }
    },
    "inflight": {
      "version": "1.0.6",
      "resolved": "http://10.0.0.96:18082/repository/weds-npm-group/inflight/-/inflight-1.0.6.tgz",
      "integrity": "sha1-Sb1jMdfQLQwJvJEKEHW6gWW1bfk=",
      "requires": {
        "once": "^1.3.0",
        "wrappy": "1"
      }
    },
    "inherits": {
      "version": "2.0.3",
      "resolved": "http://10.0.0.96:18082/repository/weds-npm-group/inherits/-/inherits-2.0.3.tgz",
      "integrity": "sha1-Yzwsg+PaQqUC9SRmAiSA9CCCYd4="
    },
    "js-yaml": {
      "version": "3.11.0",
      "resolved": "http://registry.npm.taobao.org/js-yaml/download/js-yaml-3.11.0.tgz",
      "integrity": "sha1-WXwai9VxUvJtYizkEXhRpR9euu8=",
      "requires": {
        "argparse": "^1.0.7",
        "esprima": "^4.0.0"
      }
    },
    "json-schema-traverse": {
      "version": "0.3.1",
      "resolved": "http://registry.npm.taobao.org/json-schema-traverse/download/json-schema-traverse-0.3.1.tgz",
      "integrity": "sha1-NJptRMU6Ud6JtAgFxdXlm0F9M0A="
    },
    "minimatch": {
      "version": "3.0.4",
      "resolved": "http://10.0.0.96:18082/repository/weds-npm-group/minimatch/-/minimatch-3.0.4.tgz",
      "integrity": "sha1-UWbihkV/AzBgZL5Ul+jbsMPTIIM=",
      "requires": {
        "brace-expansion": "^1.1.7"
      }
    },
    "once": {
      "version": "1.4.0",
      "resolved": "http://10.0.0.96:18082/repository/weds-npm-group/once/-/once-1.4.0.tgz",
      "integrity": "sha1-WDsap3WWHUsROsF9nFC6753Xa9E=",
      "requires": {
        "wrappy": "1"
      }
    },
    "path-is-absolute": {
      "version": "1.0.1",
      "resolved": "http://10.0.0.96:18082/repository/weds-npm-group/path-is-absolute/-/path-is-absolute-1.0.1.tgz",
      "integrity": "sha1-F0uSaHNVNP+8es5r9TpanhtcX18="
    },
    "sprintf-js": {
      "version": "1.0.3",
      "resolved": "http://registry.npm.taobao.org/sprintf-js/download/sprintf-js-1.0.3.tgz",
      "integrity": "sha1-BOaSb2YolTVPPdAVIDYzuFcpfiw="
    },
    "strip-json-comments": {
      "version": "2.0.1",
      "resolved": "https://registry.npmjs.org/strip-json-comments/-/strip-json-comments-2.0.1.tgz",
      "integrity": "sha1-PFMZQukIwml8DsNEhYwobHygpgo="
    },
    "wrappy": {
      "version": "1.0.2",
      "resolved": "http://10.0.0.96:18082/repository/weds-npm-group/wrappy/-/wrappy-1.0.2.tgz",
      "integrity": "sha1-tSQ9jz7BqjXxNkYFvA0QNuMKtp8="
    }
  }
}
