{
  "name": "c4restfulclient",
  "version": "1.0.3",
  "lockfileVersion": 1,
  "requires": true,
  "dependencies": {
    "@types/caseless": {
      "version": "0.12.1",
      "resolved": "http://10.0.0.96:18082/repository/weds-npm-group/@types/caseless/-/caseless-0.12.1.tgz",
      "integrity": "sha512-FhlMa34NHp9K5MY1Uz8yb+ZvuX0pnvn3jScRSNAb75KHGB8d3rEU6hqMs3Z2vjuytcMfRg6c5CHMc3wtYyD2/A=="
    },
    "@types/events": {
      "version": "1.2.0",
      "resolved": "http://10.0.0.96:18082/repository/weds-npm-group/@types/events/-/events-1.2.0.tgz",
      "integrity": "sha512-KEIlhXnIutzKwRbQkGWb/I4HFqBuUykAdHgDED6xqwXJfONCjF5VoE0cXEiurh3XauygxzeDzgtXUqvLkxFzzA=="
    },
    "@types/form-data": {
      "version": "2.2.1",
      "resolved": "http://10.0.0.96:18082/repository/weds-npm-group/@types/form-data/-/form-data-2.2.1.tgz",
      "integrity": "sha512-JAMFhOaHIciYVh8fb5/83nmuO/AHwmto+Hq7a9y8FzLDcC1KCU344XDOMEmahnrTFlHjgh4L0WJFczNIX2GxnQ==",
      "requires": {
        "@types/node": "*"
      }
    },
    "@types/glob": {
      "version": "5.0.35",
      "resolved": "http://10.0.0.96:18082/repository/weds-npm-group/@types/glob/-/glob-5.0.35.tgz",
      "integrity": "sha512-wc+VveszMLyMWFvXLkloixT4n0harUIVZjnpzztaZ0nKLuul7Z32iMt2fUFGAaZ4y1XWjFRMtCI5ewvyh4aIeg==",
      "requires": {
        "@types/events": "*",
        "@types/minimatch": "*",
        "@types/node": "*"
      }
    },
    "@types/minimatch": {
      "version": "3.0.3",
      "resolved": "http://10.0.0.96:18082/repository/weds-npm-group/@types/minimatch/-/minimatch-3.0.3.tgz",
      "integrity": "sha512-tHq6qdbT9U1IRSGf14CL0pUlULksvY9OZ+5eEgl1N7t+OA3tGvNpxJCzuKQlsNgCVwbAs670L1vcVQi8j9HjnA=="
    },
    "@types/mixin-deep": {
      "version": "1.0.0",
      "resolved": "http://10.0.0.96:18082/repository/weds-npm-group/@types/mixin-deep/-/mixin-deep-1.0.0.tgz",
      "integrity": "sha512-9KSS05kpZGg8XAHWBEUa5G1kd00yrxz23IVdvoJL8HHdcKIqqbX9rfSSUW6fXeCY+IkPDAZjWVFrxbkQJsjtlw=="
    },
    "@types/node": {
      "version": "9.4.7",
      "resolved": "http://10.0.0.96:18082/repository/weds-npm-group/@types/node/-/node-9.4.7.tgz",
      "integrity": "sha512-4Ba90mWNx8ddbafuyGGwjkZMigi+AWfYLSDCpovwsE63ia8w93r3oJ8PIAQc3y8U+XHcnMOHPIzNe3o438Ywcw=="
    },
    "@types/node-rest-client": {
      "version": "1.0.2",
      "resolved": "http://10.0.0.96:18082/repository/weds-npm-group/@types/node-rest-client/-/node-rest-client-1.0.2.tgz",
      "integrity": "sha512-5OEC8MwTYfipc9Si83MnpTewWNqn8/yjbA2QIm1WTC+HxpkN9fVSgxl8kMQGxgNyGLv6kU4folHK8LD1Qei3lg=="
    },
    "@types/request": {
      "version": "2.47.0",
      "resolved": "http://10.0.0.96:18082/repository/weds-npm-group/@types/request/-/request-2.47.0.tgz",
      "integrity": "sha512-/KXM5oev+nNCLIgBjkwbk8VqxmzI56woD4VUxn95O+YeQ8hJzcSmIZ1IN3WexiqBb6srzDo2bdMbsXxgXNkz5Q==",
      "requires": {
        "@types/caseless": "*",
        "@types/form-data": "*",
        "@types/node": "*",
        "@types/tough-cookie": "*"
      }
    },
    "@types/tough-cookie": {
      "version": "2.3.2",
      "resolved": "http://10.0.0.96:18082/repository/weds-npm-group/@types/tough-cookie/-/tough-cookie-2.3.2.tgz",
      "integrity": "sha512-vOVmaruQG5EatOU/jM6yU2uCp3Lz6mK1P5Ztu4iJjfM4SVHU9XYktPUQtKlIXuahqXHdEyUarMrBEwg5Cwu+bA=="
    },
    "ajv": {
      "version": "5.5.2",
      "resolved": "http://10.0.0.96:18082/repository/weds-npm-group/ajv/-/ajv-5.5.2.tgz",
      "integrity": "sha1-c7Xuyj+rZT49P5Qis0GtQiBdyWU=",
      "requires": {
        "co": "^4.6.0",
        "fast-deep-equal": "^1.0.0",
        "fast-json-stable-stringify": "^2.0.0",
        "json-schema-traverse": "^0.3.0"
      }
    },
    "asn1": {
      "version": "0.2.3",
      "resolved": "http://10.0.0.96:18082/repository/weds-npm-group/asn1/-/asn1-0.2.3.tgz",
      "integrity": "sha1-2sh4dxPJlmhJ/IGAd36+nB3fO4Y="
    },
    "assert-plus": {
      "version": "1.0.0",
      "resolved": "http://10.0.0.96:18082/repository/weds-npm-group/assert-plus/-/assert-plus-1.0.0.tgz",
      "integrity": "sha1-8S4PPF13sLHN2RRpQuTpbB5N1SU="
    },
    "asynckit": {
      "version": "0.4.0",
      "resolved": "http://10.0.0.96:18082/repository/weds-npm-group/asynckit/-/asynckit-0.4.0.tgz",
      "integrity": "sha1-x57Zf380y48robyXkLzDZkdLS3k="
    },
    "aws-sign2": {
      "version": "0.7.0",
      "resolved": "http://10.0.0.96:18082/repository/weds-npm-group/aws-sign2/-/aws-sign2-0.7.0.tgz",
      "integrity": "sha1-tG6JCTSpWR8tL2+G1+ap8bP+dqg="
    },
    "aws4": {
      "version": "1.6.0",
      "resolved": "http://10.0.0.96:18082/repository/weds-npm-group/aws4/-/aws4-1.6.0.tgz",
      "integrity": "sha1-g+9cqGCysy5KDe7e6MdxudtXRx4="
    },
    "balanced-match": {
      "version": "1.0.0",
      "resolved": "http://10.0.0.96:18082/repository/weds-npm-group/balanced-match/-/balanced-match-1.0.0.tgz",
      "integrity": "sha1-ibTRmasr7kneFk6gK4nORi1xt2c="
    },
    "bcrypt-pbkdf": {
      "version": "1.0.1",
      "resolved": "http://10.0.0.96:18082/repository/weds-npm-group/bcrypt-pbkdf/-/bcrypt-pbkdf-1.0.1.tgz",
      "integrity": "sha1-Y7xdy2EzG5K8Bf1SiVPDNGKgb40=",
      "optional": true,
      "requires": {
        "tweetnacl": "^0.14.3"
      }
    },
    "boom": {
      "version": "4.3.1",
      "resolved": "http://10.0.0.96:18082/repository/weds-npm-group/boom/-/boom-4.3.1.tgz",
      "integrity": "sha1-T4owBctKfjiJ90kDD9JbluAdLjE=",
      "requires": {
        "hoek": "4.x.x"
      }
    },
    "brace-expansion": {
      "version": "1.1.11",
      "resolved": "http://10.0.0.96:18082/repository/weds-npm-group/brace-expansion/-/brace-expansion-1.1.11.tgz",
      "integrity": "sha512-iCuPHDFgrHX7H2vEI/5xpz07zSHB00TpugqhmYtVmMO6518mCuRMoOYFldEBl0g187ufozdaHgWKcYFb61qGiA==",
      "requires": {
        "balanced-match": "^1.0.0",
        "concat-map": "0.0.1"
      }
    },
    "c4utils": {
      "version": "1.0.3",
      "resolved": "http://10.0.0.96:18082/repository/weds-npm-group/c4utils/-/c4utils-1.0.3.tgz",
      "integrity": "sha512-SYNRJrxAZGT/IAaVwvdeoGK5mZZM/xxDq/U7w2xazF3XHC9dfFX2ZJx5B1YQkgL0HPKnMPbC/Ltmz11Z8fUzAw==",
      "requires": {
        "@types/glob": "^5.0.35",
        "@types/node": "^9.4.7",
        "glob": "^7.1.2"
      }
    },
    "caseless": {
      "version": "0.12.0",
      "resolved": "http://10.0.0.96:18082/repository/weds-npm-group/caseless/-/caseless-0.12.0.tgz",
      "integrity": "sha1-G2gcIf+EAzyCZUMJBolCDRhxUdw="
    },
    "clone-deep": {
      "version": "4.0.0",
      "resolved": "http://10.0.0.96:18082/repository/weds-npm-group/clone-deep/-/clone-deep-4.0.0.tgz",
      "integrity": "sha512-aNJ5/7Bz2IYBb7nIj34TLGk78lBXpXUgV9qsLngtTvJ9+scsZNnlU0OX2S2N4ax/sUQt7sDBkXiGjGJEmNbXOQ==",
      "requires": {
        "kind-of": "^6.0.2",
        "shallow-clone": "^3.0.0"
      }
    },
    "co": {
      "version": "4.6.0",
      "resolved": "http://10.0.0.96:18082/repository/weds-npm-group/co/-/co-4.6.0.tgz",
      "integrity": "sha1-bqa989hTrlTMuOR7+gvz+QMfsYQ="
    },
    "combined-stream": {
      "version": "1.0.6",
      "resolved": "http://10.0.0.96:18082/repository/weds-npm-group/combined-stream/-/combined-stream-1.0.6.tgz",
      "integrity": "sha1-cj599ugBrFYTETp+RFqbactjKBg=",
      "requires": {
        "delayed-stream": "~1.0.0"
      }
    },
    "concat-map": {
      "version": "0.0.1",
      "resolved": "http://10.0.0.96:18082/repository/weds-npm-group/concat-map/-/concat-map-0.0.1.tgz",
      "integrity": "sha1-2Klr13/Wjfd5OnMDajug1UBdR3s="
    },
    "core-util-is": {
      "version": "1.0.2",
      "resolved": "http://10.0.0.96:18082/repository/weds-npm-group/core-util-is/-/core-util-is-1.0.2.tgz",
      "integrity": "sha1-tf1UIgqivFq1eqtxQMlAdUUDwac="
    },
    "cryptiles": {
      "version": "3.1.2",
      "resolved": "http://10.0.0.96:18082/repository/weds-npm-group/cryptiles/-/cryptiles-3.1.2.tgz",
      "integrity": "sha1-qJ+7Ig9c4l7FboxKqKT9e1sNKf4=",
      "requires": {
        "boom": "5.x.x"
      },
      "dependencies": {
        "boom": {
          "version": "5.2.0",
          "resolved": "http://10.0.0.96:18082/repository/weds-npm-group/boom/-/boom-5.2.0.tgz",
          "integrity": "sha512-Z5BTk6ZRe4tXXQlkqftmsAUANpXmuwlsF5Oov8ThoMbQRzdGTA1ngYRW160GexgOgjsFOKJz0LYhoNi+2AMBUw==",
          "requires": {
            "hoek": "4.x.x"
          }
        }
      }
    },
    "dashdash": {
      "version": "1.14.1",
      "resolved": "http://10.0.0.96:18082/repository/weds-npm-group/dashdash/-/dashdash-1.14.1.tgz",
      "integrity": "sha1-hTz6D3y+L+1d4gMmuN1YEDX24vA=",
      "requires": {
        "assert-plus": "^1.0.0"
      }
    },
    "debug": {
      "version": "2.2.0",
      "resolved": "http://10.0.0.96:18082/repository/weds-npm-group/debug/-/debug-2.2.0.tgz",
      "integrity": "sha1-+HBX6ZWxofauaklgZkE3vFbwOdo=",
      "requires": {
        "ms": "0.7.1"
      }
    },
    "delayed-stream": {
      "version": "1.0.0",
      "resolved": "http://10.0.0.96:18082/repository/weds-npm-group/delayed-stream/-/delayed-stream-1.0.0.tgz",
      "integrity": "sha1-3zrhmayt+31ECqrgsp4icrJOxhk="
    },
    "ecc-jsbn": {
      "version": "0.1.1",
      "resolved": "http://10.0.0.96:18082/repository/weds-npm-group/ecc-jsbn/-/ecc-jsbn-0.1.1.tgz",
      "integrity": "sha1-D8c6ntXw1Tw4GTOYUj735UN3dQU=",
      "optional": true,
      "requires": {
        "jsbn": "~0.1.0"
      }
    },
    "extend": {
      "version": "3.0.1",
      "resolved": "http://10.0.0.96:18082/repository/weds-npm-group/extend/-/extend-3.0.1.tgz",
      "integrity": "sha1-p1Xqe8Gt/MWjHOfnYtuq3F5jZEQ="
    },
    "extsprintf": {
      "version": "1.3.0",
      "resolved": "http://10.0.0.96:18082/repository/weds-npm-group/extsprintf/-/extsprintf-1.3.0.tgz",
      "integrity": "sha1-lpGEQOMEGnpBT4xS48V06zw+HgU="
    },
    "fast-deep-equal": {
      "version": "1.1.0",
      "resolved": "http://10.0.0.96:18082/repository/weds-npm-group/fast-deep-equal/-/fast-deep-equal-1.1.0.tgz",
      "integrity": "sha1-wFNHeBfIa1HaqFPIHgWbcz0CNhQ="
    },
    "fast-json-stable-stringify": {
      "version": "2.0.0",
      "resolved": "http://10.0.0.96:18082/repository/weds-npm-group/fast-json-stable-stringify/-/fast-json-stable-stringify-2.0.0.tgz",
      "integrity": "sha1-1RQsDK7msRifh9OnYREGT4bIu/I="
    },
    "follow-redirects": {
      "version": "1.4.1",
      "resolved": "http://10.0.0.96:18082/repository/weds-npm-group/follow-redirects/-/follow-redirects-1.4.1.tgz",
      "integrity": "sha512-uxYePVPogtya1ktGnAAXOacnbIuRMB4dkvqeNz2qTtTQsuzSfbDolV+wMMKxAmCx0bLgAKLbBOkjItMbbkR1vg==",
      "requires": {
        "debug": "^3.1.0"
      },
      "dependencies": {
        "debug": {
          "version": "3.1.0",
          "resolved": "http://10.0.0.96:18082/repository/weds-npm-group/debug/-/debug-3.1.0.tgz",
          "integrity": "sha512-OX8XqP7/1a9cqkxYw2yXss15f26NKWBpDXQd0/uK/KPqdQhxbPa994hnzjcE2VqQpDslf55723cKPUOGSmMY3g==",
          "requires": {
            "ms": "2.0.0"
          }
        },
        "ms": {
          "version": "2.0.0",
          "resolved": "http://10.0.0.96:18082/repository/weds-npm-group/ms/-/ms-2.0.0.tgz",
          "integrity": "sha1-VgiurfwAvmwpAd9fmGF4jeDVl8g="
        }
      }
    },
    "for-in": {
      "version": "1.0.2",
      "resolved": "http://10.0.0.96:18082/repository/weds-npm-group/for-in/-/for-in-1.0.2.tgz",
      "integrity": "sha1-gQaNKVqBQuwKxybG4iAMMPttXoA="
    },
    "forever-agent": {
      "version": "0.6.1",
      "resolved": "http://10.0.0.96:18082/repository/weds-npm-group/forever-agent/-/forever-agent-0.6.1.tgz",
      "integrity": "sha1-+8cfDEGt6zf5bFd60e1C2P2sypE="
    },
    "form-data": {
      "version": "2.3.2",
      "resolved": "http://10.0.0.96:18082/repository/weds-npm-group/form-data/-/form-data-2.3.2.tgz",
      "integrity": "sha1-SXBJi+YEwgwAXU9cI67NIda0kJk=",
      "requires": {
        "asynckit": "^0.4.0",
        "combined-stream": "1.0.6",
        "mime-types": "^2.1.12"
      }
    },
    "fs.realpath": {
      "version": "1.0.0",
      "resolved": "http://10.0.0.96:18082/repository/weds-npm-group/fs.realpath/-/fs.realpath-1.0.0.tgz",
      "integrity": "sha1-FQStJSMVjKpA20onh8sBQRmU6k8="
    },
    "getpass": {
      "version": "0.1.7",
      "resolved": "http://10.0.0.96:18082/repository/weds-npm-group/getpass/-/getpass-0.1.7.tgz",
      "integrity": "sha1-Xv+OPmhNVprkyysSgmBOi6YhSfo=",
      "requires": {
        "assert-plus": "^1.0.0"
      }
    },
    "glob": {
      "version": "7.1.2",
      "resolved": "http://10.0.0.96:18082/repository/weds-npm-group/glob/-/glob-7.1.2.tgz",
      "integrity": "sha512-MJTUg1kjuLeQCJ+ccE4Vpa6kKVXkPYJ2mOCQyUuKLcLQsdrMCpBPUi8qVE6+YuaJkozeA9NusTAw3hLr8Xe5EQ==",
      "requires": {
        "fs.realpath": "^1.0.0",
        "inflight": "^1.0.4",
        "inherits": "2",
        "minimatch": "^3.0.4",
        "once": "^1.3.0",
        "path-is-absolute": "^1.0.0"
      }
    },
    "har-schema": {
      "version": "2.0.0",
      "resolved": "http://10.0.0.96:18082/repository/weds-npm-group/har-schema/-/har-schema-2.0.0.tgz",
      "integrity": "sha1-qUwiJOvKwEeCoNkDVSHyRzW37JI="
    },
    "har-validator": {
      "version": "5.0.3",
      "resolved": "http://10.0.0.96:18082/repository/weds-npm-group/har-validator/-/har-validator-5.0.3.tgz",
      "integrity": "sha1-ukAsJmGU8VlW7xXg/PJCmT9qff0=",
      "requires": {
        "ajv": "^5.1.0",
        "har-schema": "^2.0.0"
      }
    },
    "hawk": {
      "version": "6.0.2",
      "resolved": "http://10.0.0.96:18082/repository/weds-npm-group/hawk/-/hawk-6.0.2.tgz",
      "integrity": "sha512-miowhl2+U7Qle4vdLqDdPt9m09K6yZhkLDTWGoUiUzrQCn+mHHSmfJgAyGaLRZbPmTqfFFjRV1QWCW0VWUJBbQ==",
      "requires": {
        "boom": "4.x.x",
        "cryptiles": "3.x.x",
        "hoek": "4.x.x",
        "sntp": "2.x.x"
      }
    },
    "hoek": {
      "version": "4.2.1",
      "resolved": "http://10.0.0.96:18082/repository/weds-npm-group/hoek/-/hoek-4.2.1.tgz",
      "integrity": "sha512-QLg82fGkfnJ/4iy1xZ81/9SIJiq1NGFUMGs6ParyjBZr6jW2Ufj/snDqTHixNlHdPNwN2RLVD0Pi3igeK9+JfA=="
    },
    "http-signature": {
      "version": "1.2.0",
      "resolved": "http://10.0.0.96:18082/repository/weds-npm-group/http-signature/-/http-signature-1.2.0.tgz",
      "integrity": "sha1-muzZJRFHcvPZW2WmCruPfBj7rOE=",
      "requires": {
        "assert-plus": "^1.0.0",
        "jsprim": "^1.2.2",
        "sshpk": "^1.7.0"
      }
    },
    "inflight": {
      "version": "1.0.6",
      "resolved": "http://10.0.0.96:18082/repository/weds-npm-group/inflight/-/inflight-1.0.6.tgz",
      "integrity": "sha1-Sb1jMdfQLQwJvJEKEHW6gWW1bfk=",
      "requires": {
        "once": "^1.3.0",
        "wrappy": "1"
      }
    },
    "inherits": {
      "version": "2.0.3",
      "resolved": "http://10.0.0.96:18082/repository/weds-npm-group/inherits/-/inherits-2.0.3.tgz",
      "integrity": "sha1-Yzwsg+PaQqUC9SRmAiSA9CCCYd4="
    },
    "is-extendable": {
      "version": "1.0.1",
      "resolved": "http://10.0.0.96:18082/repository/weds-npm-group/is-extendable/-/is-extendable-1.0.1.tgz",
      "integrity": "sha512-arnXMxT1hhoKo9k1LZdmlNyJdDDfy2v0fXjFlmok4+i8ul/6WlbVge9bhM74OpNPQPMGUToDtz+KXa1PneJxOA==",
      "requires": {
        "is-plain-object": "^2.0.4"
      }
    },
    "is-plain-object": {
      "version": "2.0.4",
      "resolved": "http://10.0.0.96:18082/repository/weds-npm-group/is-plain-object/-/is-plain-object-2.0.4.tgz",
      "integrity": "sha512-h5PpgXkWitc38BBMYawTYMWJHFZJVnBquFE57xFpjB8pJFiF6gZ+bU+WyI/yqXiFR5mdLsgYNaPe8uao6Uv9Og==",
      "requires": {
        "isobject": "^3.0.1"
      }
    },
    "is-typedarray": {
      "version": "1.0.0",
      "resolved": "http://10.0.0.96:18082/repository/weds-npm-group/is-typedarray/-/is-typedarray-1.0.0.tgz",
      "integrity": "sha1-5HnICFjfDBsR3dppQPlgEfzaSpo="
    },
    "isobject": {
      "version": "3.0.1",
      "resolved": "http://10.0.0.96:18082/repository/weds-npm-group/isobject/-/isobject-3.0.1.tgz",
      "integrity": "sha1-TkMekrEalzFjaqH5yNHMvP2reN8="
    },
    "isstream": {
      "version": "0.1.2",
      "resolved": "http://10.0.0.96:18082/repository/weds-npm-group/isstream/-/isstream-0.1.2.tgz",
      "integrity": "sha1-R+Y/evVa+m+S4VAOaQ64uFKcCZo="
    },
    "jsbn": {
      "version": "0.1.1",
      "resolved": "http://10.0.0.96:18082/repository/weds-npm-group/jsbn/-/jsbn-0.1.1.tgz",
      "integrity": "sha1-peZUwuWi3rXyAdls77yoDA7y9RM=",
      "optional": true
    },
    "json-schema": {
      "version": "0.2.3",
      "resolved": "http://10.0.0.96:18082/repository/weds-npm-group/json-schema/-/json-schema-0.2.3.tgz",
      "integrity": "sha1-tIDIkuWaLwWVTOcnvT8qTogvnhM="
    },
    "json-schema-traverse": {
      "version": "0.3.1",
      "resolved": "http://10.0.0.96:18082/repository/weds-npm-group/json-schema-traverse/-/json-schema-traverse-0.3.1.tgz",
      "integrity": "sha1-NJptRMU6Ud6JtAgFxdXlm0F9M0A="
    },
    "json-stringify-safe": {
      "version": "5.0.1",
      "resolved": "http://10.0.0.96:18082/repository/weds-npm-group/json-stringify-safe/-/json-stringify-safe-5.0.1.tgz",
      "integrity": "sha1-Epai1Y/UXxmg9s4B1lcB4sc1tus="
    },
    "jsprim": {
      "version": "1.4.1",
      "resolved": "http://10.0.0.96:18082/repository/weds-npm-group/jsprim/-/jsprim-1.4.1.tgz",
      "integrity": "sha1-MT5mvB5cwG5Di8G3SZwuXFastqI=",
      "requires": {
        "assert-plus": "1.0.0",
        "extsprintf": "1.3.0",
        "json-schema": "0.2.3",
        "verror": "1.10.0"
      }
    },
    "kind-of": {
      "version": "6.0.2",
      "resolved": "http://10.0.0.96:18082/repository/weds-npm-group/kind-of/-/kind-of-6.0.2.tgz",
      "integrity": "sha512-s5kLOcnH0XqDO+FvuaLX8DDjZ18CGFk7VygH40QoKPUQhW4e2rvM0rwUq0t8IQDOwYSeLK01U90OjzBTme2QqA=="
    },
    "mime-db": {
      "version": "1.33.0",
      "resolved": "http://10.0.0.96:18082/repository/weds-npm-group/mime-db/-/mime-db-1.33.0.tgz",
      "integrity": "sha512-BHJ/EKruNIqJf/QahvxwQZXKygOQ256myeN/Ew+THcAa5q+PjyTTMMeNQC4DZw5AwfvelsUrA6B67NKMqXDbzQ=="
    },
    "mime-types": {
      "version": "2.1.18",
      "resolved": "http://10.0.0.96:18082/repository/weds-npm-group/mime-types/-/mime-types-2.1.18.tgz",
      "integrity": "sha512-lc/aahn+t4/SWV/qcmumYjymLsWfN3ELhpmVuUFjgsORruuZPVSwAQryq+HHGvO/SI2KVX26bx+En+zhM8g8hQ==",
      "requires": {
        "mime-db": "~1.33.0"
      }
    },
    "minimatch": {
      "version": "3.0.4",
      "resolved": "http://10.0.0.96:18082/repository/weds-npm-group/minimatch/-/minimatch-3.0.4.tgz",
      "integrity": "sha512-yJHVQEhyqPLUTgt9B83PXu6W3rx4MvvHvSUvToogpwoGDOUQ+yDrR0HRot+yOCdCO7u4hX3pWft6kWBBcqh0UA==",
      "requires": {
        "brace-expansion": "^1.1.7"
      }
    },
    "mixin-deep": {
      "version": "1.3.1",
      "resolved": "http://10.0.0.96:18082/repository/weds-npm-group/mixin-deep/-/mixin-deep-1.3.1.tgz",
      "integrity": "sha512-8ZItLHeEgaqEvd5lYBXfm4EZSFCX29Jb9K+lAHhDKzReKBQKj3R+7NOF6tjqYi9t4oI8VUfaWITJQm86wnXGNQ==",
      "requires": {
        "for-in": "^1.0.2",
        "is-extendable": "^1.0.1"
      }
    },
    "ms": {
      "version": "0.7.1",
      "resolved": "http://10.0.0.96:18082/repository/weds-npm-group/ms/-/ms-0.7.1.tgz",
      "integrity": "sha1-nNE8A62/8ltl7/3nzoZO6VIBcJg="
    },
    "node-rest-client": {
      "version": "3.1.0",
      "resolved": "http://10.0.0.96:18082/repository/weds-npm-group/node-rest-client/-/node-rest-client-3.1.0.tgz",
      "integrity": "sha1-4L623aeyDMC2enhHzxLF/EGcN8M=",
      "requires": {
        "debug": "~2.2.0",
        "follow-redirects": ">=1.2.0",
        "xml2js": ">=0.2.4"
      }
    },
    "oauth-sign": {
      "version": "0.8.2",
      "resolved": "http://10.0.0.96:18082/repository/weds-npm-group/oauth-sign/-/oauth-sign-0.8.2.tgz",
      "integrity": "sha1-Rqarfwrq2N6unsBWV4C31O/rnUM="
    },
    "once": {
      "version": "1.4.0",
      "resolved": "http://10.0.0.96:18082/repository/weds-npm-group/once/-/once-1.4.0.tgz",
      "integrity": "sha1-WDsap3WWHUsROsF9nFC6753Xa9E=",
      "requires": {
        "wrappy": "1"
      }
    },
    "path-is-absolute": {
      "version": "1.0.1",
      "resolved": "http://10.0.0.96:18082/repository/weds-npm-group/path-is-absolute/-/path-is-absolute-1.0.1.tgz",
      "integrity": "sha1-F0uSaHNVNP+8es5r9TpanhtcX18="
    },
    "performance-now": {
      "version": "2.1.0",
      "resolved": "http://10.0.0.96:18082/repository/weds-npm-group/performance-now/-/performance-now-2.1.0.tgz",
      "integrity": "sha1-Ywn04OX6kT7BxpMHrjZLSzd8nns="
    },
    "punycode": {
      "version": "1.4.1",
      "resolved": "http://10.0.0.96:18082/repository/weds-npm-group/punycode/-/punycode-1.4.1.tgz",
      "integrity": "sha1-wNWmOycYgArY4esPpSachN1BhF4="
    },
    "qs": {
      "version": "6.5.1",
      "resolved": "http://10.0.0.96:18082/repository/weds-npm-group/qs/-/qs-6.5.1.tgz",
      "integrity": "sha512-eRzhrN1WSINYCDCbrz796z37LOe3m5tmW7RQf6oBntukAG1nmovJvhnwHHRMAfeoItc1m2Hk02WER2aQ/iqs+A=="
    },
    "request": {
      "version": "2.85.0",
      "resolved": "http://10.0.0.96:18082/repository/weds-npm-group/request/-/request-2.85.0.tgz",
      "integrity": "sha512-8H7Ehijd4js+s6wuVPLjwORxD4zeuyjYugprdOXlPSqaApmL/QOy+EB/beICHVCHkGMKNh5rvihb5ov+IDw4mg==",
      "requires": {
        "aws-sign2": "~0.7.0",
        "aws4": "^1.6.0",
        "caseless": "~0.12.0",
        "combined-stream": "~1.0.5",
        "extend": "~3.0.1",
        "forever-agent": "~0.6.1",
        "form-data": "~2.3.1",
        "har-validator": "~5.0.3",
        "hawk": "~6.0.2",
        "http-signature": "~1.2.0",
        "is-typedarray": "~1.0.0",
        "isstream": "~0.1.2",
        "json-stringify-safe": "~5.0.1",
        "mime-types": "~2.1.17",
        "oauth-sign": "~0.8.2",
        "performance-now": "^2.1.0",
        "qs": "~6.5.1",
        "safe-buffer": "^5.1.1",
        "stringstream": "~0.0.5",
        "tough-cookie": "~2.3.3",
        "tunnel-agent": "^0.6.0",
        "uuid": "^3.1.0"
      }
    },
    "safe-buffer": {
      "version": "5.1.1",
      "resolved": "http://10.0.0.96:18082/repository/weds-npm-group/safe-buffer/-/safe-buffer-5.1.1.tgz",
      "integrity": "sha512-kKvNJn6Mm93gAczWVJg7wH+wGYWNrDHdWvpUmHyEsgCtIwwo3bqPtV4tR5tuPaUhTOo/kvhVwd8XwwOllGYkbg=="
    },
    "sax": {
      "version": "1.2.4",
      "resolved": "http://10.0.0.96:18082/repository/weds-npm-group/sax/-/sax-1.2.4.tgz",
      "integrity": "sha512-NqVDv9TpANUjFm0N8uM5GxL36UgKi9/atZw+x7YFnQ8ckwFGKrl4xX4yWtrey3UJm5nP1kUbnYgLopqWNSRhWw=="
    },
    "shallow-clone": {
      "version": "3.0.0",
      "resolved": "http://10.0.0.96:18082/repository/weds-npm-group/shallow-clone/-/shallow-clone-3.0.0.tgz",
      "integrity": "sha512-Drg+nOI+ofeuslBf0nulyWLZhK1BZprqNvPJaiB4VvES+9gC6GG+qOVAfuO12zVSgxq9SKevcme7S3uDT6Be8w==",
      "requires": {
        "kind-of": "^6.0.2"
      }
    },
    "sntp": {
      "version": "2.1.0",
      "resolved": "http://10.0.0.96:18082/repository/weds-npm-group/sntp/-/sntp-2.1.0.tgz",
      "integrity": "sha512-FL1b58BDrqS3A11lJ0zEdnJ3UOKqVxawAkF3k7F0CVN7VQ34aZrV+G8BZ1WC9ZL7NyrwsW0oviwsWDgRuVYtJg==",
      "requires": {
        "hoek": "4.x.x"
      }
    },
    "sshpk": {
      "version": "1.14.1",
      "resolved": "http://10.0.0.96:18082/repository/weds-npm-group/sshpk/-/sshpk-1.14.1.tgz",
      "integrity": "sha1-Ew9Zde3a2WPx1W+SuaxsUfqfg+s=",
      "requires": {
        "asn1": "~0.2.3",
        "assert-plus": "^1.0.0",
        "bcrypt-pbkdf": "^1.0.0",
        "dashdash": "^1.12.0",
        "ecc-jsbn": "~0.1.1",
        "getpass": "^0.1.1",
        "jsbn": "~0.1.0",
        "tweetnacl": "~0.14.0"
      }
    },
    "stringstream": {
      "version": "0.0.5",
      "resolved": "http://10.0.0.96:18082/repository/weds-npm-group/stringstream/-/stringstream-0.0.5.tgz",
      "integrity": "sha1-TkhM1N5aC7vuGORjB3EKioFiGHg="
    },
    "tough-cookie": {
      "version": "2.3.4",
      "resolved": "http://10.0.0.96:18082/repository/weds-npm-group/tough-cookie/-/tough-cookie-2.3.4.tgz",
      "integrity": "sha512-TZ6TTfI5NtZnuyy/Kecv+CnoROnyXn2DN97LontgQpCwsX2XyLYCC0ENhYkehSOwAp8rTQKc/NUIF7BkQ5rKLA==",
      "requires": {
        "punycode": "^1.4.1"
      }
    },
    "tunnel-agent": {
      "version": "0.6.0",
      "resolved": "http://10.0.0.96:18082/repository/weds-npm-group/tunnel-agent/-/tunnel-agent-0.6.0.tgz",
      "integrity": "sha1-J6XeoGs2sEoKmWZ3SykIaPD8QP0=",
      "requires": {
        "safe-buffer": "^5.0.1"
      }
    },
    "tweetnacl": {
      "version": "0.14.5",
      "resolved": "http://10.0.0.96:18082/repository/weds-npm-group/tweetnacl/-/tweetnacl-0.14.5.tgz",
      "integrity": "sha1-WuaBd/GS1EViadEIr6k/+HQ/T2Q=",
      "optional": true
    },
    "uuid": {
      "version": "3.2.1",
      "resolved": "http://10.0.0.96:18082/repository/weds-npm-group/uuid/-/uuid-3.2.1.tgz",
      "integrity": "sha512-jZnMwlb9Iku/O3smGWvZhauCf6cvvpKi4BKRiliS3cxnI+Gz9j5MEpTz2UFuXiKPJocb7gnsLHwiS05ige5BEA=="
    },
    "verror": {
      "version": "1.10.0",
      "resolved": "http://10.0.0.96:18082/repository/weds-npm-group/verror/-/verror-1.10.0.tgz",
      "integrity": "sha1-OhBcoXBTr1XW4nDB+CiGguGNpAA=",
      "requires": {
        "assert-plus": "^1.0.0",
        "core-util-is": "1.0.2",
        "extsprintf": "^1.2.0"
      }
    },
    "wrappy": {
      "version": "1.0.2",
      "resolved": "http://10.0.0.96:18082/repository/weds-npm-group/wrappy/-/wrappy-1.0.2.tgz",
      "integrity": "sha1-tSQ9jz7BqjXxNkYFvA0QNuMKtp8="
    },
    "xml2js": {
      "version": "0.4.19",
      "resolved": "http://10.0.0.96:18082/repository/weds-npm-group/xml2js/-/xml2js-0.4.19.tgz",
      "integrity": "sha512-esZnJZJOiJR9wWKMyuvSE1y6Dq5LCuJanqhxslH2bxM6duahNZ+HMpCLhBQGZkbX6xRf8x1Y2eJlgt2q3qo49Q==",
      "requires": {
        "sax": ">=0.6.0",
        "xmlbuilder": "~9.0.1"
      }
    },
    "xmlbuilder": {
      "version": "9.0.7",
      "resolved": "http://10.0.0.96:18082/repository/weds-npm-group/xmlbuilder/-/xmlbuilder-9.0.7.tgz",
      "integrity": "sha1-Ey7mPS7FVlxVfiD0wi35rKaGsQ0="
    }
  }
}
